// !$*UTF8*$!
{
	archiveVersion = 1;
	classes = {
	};
	objectVersion = 56;
	objects = {

/* Begin PBXBuildFile section */
		6C4016342A176C8B004B950D /* AppDelegate.swift in Sources */ = {isa = PBXBuildFile; fileRef = 6C4016332A176C8B004B950D /* AppDelegate.swift */; };
		6C4016362A176C8B004B950D /* SceneDelegate.swift in Sources */ = {isa = PBXBuildFile; fileRef = 6C4016352A176C8B004B950D /* SceneDelegate.swift */; };
		6C4016382A176C8B004B950D /* ViewController.swift in Sources */ = {isa = PBXBuildFile; fileRef = 6C4016372A176C8B004B950D /* ViewController.swift */; };
		6C40163B2A176C8B004B950D /* Main.storyboard in Resources */ = {isa = PBXBuildFile; fileRef = 6C4016392A176C8B004B950D /* Main.storyboard */; };
		6C40163D2A176C8C004B950D /* Assets.xcassets in Resources */ = {isa = PBXBuildFile; fileRef = 6C40163C2A176C8C004B950D /* Assets.xcassets */; };
		6C4016402A176C8C004B950D /* LaunchScreen.storyboard in Resources */ = {isa = PBXBuildFile; fileRef = 6C40163E2A176C8C004B950D /* LaunchScreen.storyboard */; };
		6C4016482A17715D004B950D /* MyFirstTableViewController.swift in Sources */ = {isa = PBXBuildFile; fileRef = 6C4016472A17715D004B950D /* MyFirstTableViewController.swift */; };
		6C40164A2A177216004B950D /* MyFirstCollectionViewController.swift in Sources */ = {isa = PBXBuildFile; fileRef = 6C4016492A177216004B950D /* MyFirstCollectionViewController.swift */; };
		6C40164C2A1772EF004B950D /* MyButton.swift in Sources */ = {isa = PBXBuildFile; fileRef = 6C40164B2A1772EF004B950D /* MyButton.swift */; };
/* End PBXBuildFile section */

/* Begin PBXFileReference section */
		6C4016302A176C8B004B950D /* FirstPro.app */ = {isa = PBXFileReference; explicitFileType = wrapper.application; includeInIndex = 0; path = FirstPro.app; sourceTree = BUILT_PRODUCTS_DIR; };
		6C4016332A176C8B004B950D /* AppDelegate.swift */ = {isa = PBXFileReference; lastKnownFileType = sourcecode.swift; path = AppDelegate.swift; sourceTree = "<group>"; };
		6C4016352A176C8B004B950D /* SceneDelegate.swift */ = {isa = PBXFileReference; lastKnownFileType = sourcecode.swift; path = SceneDelegate.swift; sourceTree = "<group>"; };
		6C4016372A176C8B004B950D /* ViewController.swift */ = {isa = PBXFileReference; lastKnownFileType = sourcecode.swift; path = ViewController.swift; sourceTree = "<group>"; };
		6C40163A2A176C8B004B950D /* Base */ = {isa = PBXFileReference; lastKnownFileType = file.storyboard; name = Base; path = Base.lproj/Main.storyboard; sourceTree = "<group>"; };
		6C40163C2A176C8C004B950D /* Assets.xcassets */ = {isa = PBXFileReference; lastKnownFileType = folder.assetcatalog; path = Assets.xcassets; sourceTree = "<group>"; };
		6C40163F2A176C8C004B950D /* Base */ = {isa = PBXFileReference; lastKnownFileType = file.storyboard; name = Base; path = Base.lproj/LaunchScreen.storyboard; sourceTree = "<group>"; };
		6C4016412A176C8C004B950D /* Info.plist */ = {isa = PBXFileReference; lastKnownFileType = text.plist.xml; path = Info.plist; sourceTree = "<group>"; };
		6C4016472A17715D004B950D /* MyFirstTableViewController.swift */ = {isa = PBXFileReference; lastKnownFileType = sourcecode.swift; path = MyFirstTableViewController.swift; sourceTree = "<group>"; };
		6C4016492A177216004B950D /* MyFirstCollectionViewController.swift */ = {isa = PBXFileReference; lastKnownFileType = sourcecode.swift; path = MyFirstCollectionViewController.swift; sourceTree = "<group>"; };
		6C40164B2A1772EF004B950D /* MyButton.swift */ = {isa = PBXFileReference; lastKnownFileType = sourcecode.swift; path = MyButton.swift; sourceTree = "<group>"; };
/* End PBXFileReference section */

/* Begin PBXFrameworksBuildPhase section */
		6C40162D2A176C8B004B950D /* Frameworks */ = {
			isa = PBXFrameworksBuildPhase;
			buildActionMask = 2147483647;
			files = (
			);
			runOnlyForDeploymentPostprocessing = 0;
		};
/* End PBXFrameworksBuildPhase section */

/* Begin PBXGroup section */
		6C4016272A176C8B004B950D = {
			isa = PBXGroup;
			children = (
				6C4016322A176C8B004B950D /* FirstPro */,
				6C4016312A176C8B004B950D /* Products */,
			);
			sourceTree = "<group>";
		};
		6C4016312A176C8B004B950D /* Products */ = {
			isa = PBXGroup;
			children = (
				6C4016302A176C8B004B950D /* FirstPro.app */,
			);
			name = Products;
			sourceTree = "<group>";
		};
		6C4016322A176C8B004B950D /* FirstPro */ = {
			isa = PBXGroup;
			children = (
				6C4016332A176C8B004B950D /* AppDelegate.swift */,
				6C4016352A176C8B004B950D /* SceneDelegate.swift */,
				6C4016372A176C8B004B950D /* ViewController.swift */,
				6C4016472A17715D004B950D /* MyFirstTableViewController.swift */,
				6C4016492A177216004B950D /* MyFirstCollectionViewController.swift */,
				6C40164B2A1772EF004B950D /* MyButton.swift */,
				6C4016392A176C8B004B950D /* Main.storyboard */,
				6C40163C2A176C8C004B950D /* Assets.xcassets */,
				6C40163E2A176C8C004B950D /* LaunchScreen.storyboard */,
				6C4016412A176C8C004B950D /* Info.plist */,
			);
			path = FirstPro;
			sourceTree = "<group>";
		};
/* End PBXGroup section */

/* Begin PBXNativeTarget section */
		6C40162F2A176C8B004B950D /* FirstPro */ = {
			isa = PBXNativeTarget;
			buildConfigurationList = 6C4016442A176C8D004B950D /* Build configuration list for PBXNativeTarget "FirstPro" */;
			buildPhases = (
				6C40162C2A176C8B004B950D /* Sources */,
				6C40162D2A176C8B004B950D /* Frameworks */,
				6C40162E2A176C8B004B950D /* Resources */,
			);
			buildRules = (
			);
			dependencies = (
			);
			name = FirstPro;
			productName = FirstPro;
			productReference = 6C4016302A176C8B004B950D /* FirstPro.app */;
			productType = "com.apple.product-type.application";
		};
/* End PBXNativeTarget section */

/* Begin PBXProject section */
		6C4016282A176C8B004B950D /* Project object */ = {
			isa = PBXProject;
			attributes = {
				BuildIndependentTargetsInParallel = 1;
				LastSwiftUpdateCheck = 1430;
				LastUpgradeCheck = 1430;
				TargetAttributes = {
					6C40162F2A176C8B004B950D = {
						CreatedOnToolsVersion = 14.3;
					};
				};
			};
			buildConfigurationList = 6C40162B2A176C8B004B950D /* Build configuration list for PBXProject "FirstPro" */;
			compatibilityVersion = "Xcode 14.0";
			developmentRegion = en;
			hasScannedForEncodings = 0;
			knownRegions = (
				en,
				Base,
			);
			mainGroup = 6C4016272A176C8B004B950D;
			productRefGroup = 6C4016312A176C8B004B950D /* Products */;
			projectDirPath = "";
			projectRoot = "";
			targets = (
				6C40162F2A176C8B004B950D /* FirstPro */,
			);
		};
/* End PBXProject section */

/* Begin PBXResourcesBuildPhase section */
		6C40162E2A176C8B004B950D /* Resources */ = {
			isa = PBXResourcesBuildPhase;
			buildActionMask = 2147483647;
			files = (
				6C4016402A176C8C004B950D /* LaunchScreen.storyboard in Resources */,
				6C40163D2A176C8C004B950D /* Assets.xcassets in Resources */,
				6C40163B2A176C8B004B950D /* Main.storyboard in Resources */,
			);
			runOnlyForDeploymentPostprocessing = 0;
		};
/* End PBXResourcesBuildPhase section */

/* Begin PBXSourcesBuildPhase section */
		6C40162C2A176C8B004B950D /* Sources */ = {
			isa = PBXSourcesBuildPhase;
			buildActionMask = 2147483647;
			files = (
				6C4016482A17715D004B950D /* MyFirstTableViewController.swift in Sources */,
				6C40164A2A177216004B950D /* MyFirstCollectionViewController.swift in Sources */,
				6C4016382A176C8B004B950D /* ViewController.swift in Sources */,
				6C4016342A176C8B004B950D /* AppDelegate.swift in Sources */,
				6C4016362A176C8B004B950D /* SceneDelegate.swift in Sources */,
				6C40164C2A1772EF004B950D /* MyButton.swift in Sources */,
			);
			runOnlyForDeploymentPostprocessing = 0;
		};
/* End PBXSourcesBuildPhase section */

/* Begin PBXVariantGroup section */
		6C4016392A176C8B004B950D /* Main.storyboard */ = {
			isa = PBXVariantGroup;
			children = (
				6C40163A2A176C8B004B950D /* Base */,
			);
			name = Main.storyboard;
			sourceTree = "<group>";
		};
		6C40163E2A176C8C004B950D /* LaunchScreen.storyboard */ = {
			isa = PBXVariantGroup;
			children = (
				6C40163F2A176C8C004B950D /* Base */,
			);
			name = LaunchScreen.storyboard;
			sourceTree = "<group>";
		};
/* End PBXVariantGroup section */

/* Begin XCBuildConfiguration section */
		6C4016422A176C8C004B950D /* Debug */ = {
			isa = XCBuildConfiguration;
			buildSettings = {
				ALWAYS_SEARCH_USER_PATHS = NO;
				CLANG_ANALYZER_NONNULL = YES;
				CLANG_ANALYZER_NUMBER_OBJECT_CONVERSION = YES_AGGRESSIVE;
				CLANG_CXX_LANGUAGE_STANDARD = "gnu++20";
				CLANG_ENABLE_MODULES = YES;
				CLANG_ENABLE_OBJC_ARC = YES;
				CLANG_ENABLE_OBJC_WEAK = YES;
				CLANG_WARN_BLOCK_CAPTURE_AUTORELEASING = YES;
				CLANG_WARN_BOOL_CONVERSION = YES;
				CLANG_WARN_COMMA = YES;
				CLANG_WARN_CONSTANT_CONVERSION = YES;
				CLANG_WARN_DEPRECATED_OBJC_IMPLEMENTATIONS = YES;
				CLANG_WARN_DIRECT_OBJC_ISA_USAGE = YES_ERROR;
				CLANG_WARN_DOCUMENTATION_COMMENTS = YES;
				CLANG_WARN_EMPTY_BODY = YES;
				CLANG_WARN_ENUM_CONVERSION = YES;
				CLANG_WARN_INFINITE_RECURSION = YES;
				CLANG_WARN_INT_CONVERSION = YES;
				CLANG_WARN_NON_LITERAL_NULL_CONVERSION = YES;
				CLANG_WARN_OBJC_IMPLICIT_RETAIN_SELF = YES;
				CLANG_WARN_OBJC_LITERAL_CONVERSION = YES;
				CLANG_WARN_OBJC_ROOT_CLASS = YES_ERROR;
				CLANG_WARN_QUOTED_INCLUDE_IN_FRAMEWORK_HEADER = YES;
				CLANG_WARN_RANGE_LOOP_ANALYSIS = YES;
				CLANG_WARN_STRICT_PROTOTYPES = YES;
				CLANG_WARN_SUSPICIOUS_MOVE = YES;
				CLANG_WARN_UNGUARDED_AVAILABILITY = YES_AGGRESSIVE;
				CLANG_WARN_UNREACHABLE_CODE = YES;
				CLANG_WARN__DUPLICATE_METHOD_MATCH = YES;
				COPY_PHASE_STRIP = NO;
				DEBUG_INFORMATION_FORMAT = dwarf;
				ENABLE_STRICT_OBJC_MSGSEND = YES;
				ENABLE_TESTABILITY = YES;
				GCC_C_LANGUAGE_STANDARD = gnu11;
				GCC_DYNAMIC_NO_PIC = NO;
				GCC_NO_COMMON_BLOCKS = YES;
				GCC_OPTIMIZATION_LEVEL = 0;
				GCC_PREPROCESSOR_DEFINITIONS = (
					"DEBUG=1",
					"$(inherited)",
				);
				GCC_WARN_64_TO_32_BIT_CONVERSION = YES;
				GCC_WARN_ABOUT_RETURN_TYPE = YES_ERROR;
				GCC_WARN_UNDECLARED_SELECTOR = YES;
				GCC_WARN_UNINITIALIZED_AUTOS = YES_AGGRESSIVE;
				GCC_WARN_UNUSED_FUNCTION = YES;
				GCC_WARN_UNUSED_VARIABLE = YES;
				IPHONEOS_DEPLOYMENT_TARGET = 16.4;
				MTL_ENABLE_DEBUG_INFO = INCLUDE_SOURCE;
				MTL_FAST_MATH = YES;
				ONLY_ACTIVE_ARCH = YES;
				SDKROOT = iphoneos;
				SWIFT_ACTIVE_COMPILATION_CONDITIONS = DEBUG;
				SWIFT_OPTIMIZATION_LEVEL = "-Onone";
			};
			name = Debug;
		};
		6C4016432A176C8C004B950D /* Release */ = {
			isa = XCBuildConfiguration;
			buildSettings = {
				ALWAYS_SEARCH_USER_PATHS = NO;
				CLANG_ANALYZER_NONNULL = YES;
				CLANG_ANALYZER_NUMBER_OBJECT_CONVERSION = YES_AGGRESSIVE;
				CLANG_CXX_LANGUAGE_STANDARD = "gnu++20";
				CLANG_ENABLE_MODULES = YES;
				CLANG_ENABLE_OBJC_ARC = YES;
				CLANG_ENABLE_OBJC_WEAK = YES;
				CLANG_WARN_BLOCK_CAPTURE_AUTORELEASING = YES;
				CLANG_WARN_BOOL_CONVERSION = YES;
				CLANG_WARN_COMMA = YES;
				CLANG_WARN_CONSTANT_CONVERSION = YES;
				CLANG_WARN_DEPRECATED_OBJC_IMPLEMENTATIONS = YES;
				CLANG_WARN_DIRECT_OBJC_ISA_USAGE = YES_ERROR;
				CLANG_WARN_DOCUMENTATION_COMMENTS = YES;
				CLANG_WARN_EMPTY_BODY = YES;
				CLANG_WARN_ENUM_CONVERSION = YES;
				CLANG_WARN_INFINITE_RECURSION = YES;
				CLANG_WARN_INT_CONVERSION = YES;
				CLANG_WARN_NON_LITERAL_NULL_CONVERSION = YES;
				CLANG_WARN_OBJC_IMPLICIT_RETAIN_SELF = YES;
				CLANG_WARN_OBJC_LITERAL_CONVERSION = YES;
				CLANG_WARN_OBJC_ROOT_CLASS = YES_ERROR;
				CLANG_WARN_QUOTED_INCLUDE_IN_FRAMEWORK_HEADER = YES;
				CLANG_WARN_RANGE_LOOP_ANALYSIS = YES;
				CLANG_WARN_STRICT_PROTOTYPES = YES;
				CLANG_WARN_SUSPICIOUS_MOVE = YES;
				CLANG_WARN_UNGUARDED_AVAILABILITY = YES_AGGRESSIVE;
				CLANG_WARN_UNREACHABLE_CODE = YES;
				CLANG_WARN__DUPLICATE_METHOD_MATCH = YES;
				COPY_PHASE_STRIP = NO;
				DEBUG_INFORMATION_FORMAT = "dwarf-with-dsym";
				ENABLE_NS_ASSERTIONS = NO;
				ENABLE_STRICT_OBJC_MSGSEND = YES;
				GCC_C_LANGUAGE_STANDARD = gnu11;
				GCC_NO_COMMON_BLOCKS = YES;
				GCC_WARN_64_TO_32_BIT_CONVERSION = YES;
				GCC_WARN_ABOUT_RETURN_TYPE = YES_ERROR;
				GCC_WARN_UNDECLARED_SELECTOR = YES;
				GCC_WARN_UNINITIALIZED_AUTOS = YES_AGGRESSIVE;
				GCC_WARN_UNUSED_FUNCTION = YES;
				GCC_WARN_UNUSED_VARIABLE = YES;
				IPHONEOS_DEPLOYMENT_TARGET = 16.4;
				MTL_ENABLE_DEBUG_INFO = NO;
				MTL_FAST_MATH = YES;
				SDKROOT = iphoneos;
				SWIFT_COMPILATION_MODE = wholemodule;
				SWIFT_OPTIMIZATION_LEVEL = "-O";
				VALIDATE_PRODUCT = YES;
			};
			name = Release;
		};
		6C4016452A176C8D004B950D /* Debug */ = {
			isa = XCBuildConfiguration;
			buildSettings = {
				ASSETCATALOG_COMPILER_APPICON_NAME = AppIcon;
				ASSETCATALOG_COMPILER_GLOBAL_ACCENT_COLOR_NAME = AccentColor;
				CODE_SIGN_STYLE = Automatic;
				CURRENT_PROJECT_VERSION = 1;
				GENERATE_INFOPLIST_FILE = YES;
				INFOPLIST_FILE = FirstPro/Info.plist;
				INFOPLIST_KEY_UIApplicationSupportsIndirectInputEvents = YES;
				INFOPLIST_KEY_UILaunchStoryboardName = LaunchScreen;
				INFOPLIST_KEY_UIMainStoryboardFile = Main;
				INFOPLIST_KEY_UISupportedInterfaceOrientations_iPad = "UIInterfaceOrientationPortrait UIInterfaceOrientationPortraitUpsideDown UIInterfaceOrientationLandscapeLeft UIInterfaceOrientationLandscapeRight";
				INFOPLIST_KEY_UISupportedInterfaceOrientations_iPhone = "UIInterfaceOrientationPortrait UIInterfaceOrientationLandscapeLeft UIInterfaceOrientationLandscapeRight";
				LD_RUNPATH_SEARCH_PATHS = (
					"$(inherited)",
					"@executable_path/Frameworks",
				);
				MARKETING_VERSION = 1.0;
				PRODUCT_BUNDLE_IDENTIFIER = za.co.Kamo.FirstPro;
				PRODUCT_NAME = "$(TARGET_NAME)";
				SWIFT_EMIT_LOC_STRINGS = YES;
				SWIFT_VERSION = 5.0;
				TARGETED_DEVICE_FAMILY = "1,2";
			};
			name = Debug;
		};
		6C4016462A176C8D004B950D /* Release */ = {
			isa = XCBuildConfiguration;
			buildSettings = {
				ASSETCATALOG_COMPILER_APPICON_NAME = AppIcon;
				ASSETCATALOG_COMPILER_GLOBAL_ACCENT_COLOR_NAME = AccentColor;
				CODE_SIGN_STYLE = Automatic;
				CURRENT_PROJECT_VERSION = 1;
				GENERATE_INFOPLIST_FILE = YES;
				INFOPLIST_FILE = FirstPro/Info.plist;
				INFOPLIST_KEY_UIApplicationSupportsIndirectInputEvents = YES;
				INFOPLIST_KEY_UILaunchStoryboardName = LaunchScreen;
				INFOPLIST_KEY_UIMainStoryboardFile = Main;
				INFOPLIST_KEY_UISupportedInterfaceOrientations_iPad = "UIInterfaceOrientationPortrait UIInterfaceOrientationPortraitUpsideDown UIInterfaceOrientationLandscapeLeft UIInterfaceOrientationLandscapeRight";
				INFOPLIST_KEY_UISupportedInterfaceOrientations_iPhone = "UIInterfaceOrientationPortrait UIInterfaceOrientationLandscapeLeft UIInterfaceOrientationLandscapeRight";
				LD_RUNPATH_SEARCH_PATHS = (
					"$(inherited)",
					"@executable_path/Frameworks",
				);
				MARKETING_VERSION = 1.0;
				PRODUCT_BUNDLE_IDENTIFIER = za.co.Kamo.FirstPro;
				PRODUCT_NAME = "$(TARGET_NAME)";
				SWIFT_EMIT_LOC_STRINGS = YES;
				SWIFT_VERSION = 5.0;
				TARGETED_DEVICE_FAMILY = "1,2";
			};
			name = Release;
		};
/* End XCBuildConfiguration section */

/* Begin XCConfigurationList section */
		6C40162B2A176C8B004B950D /* Build configuration list for PBXProject "FirstPro" */ = {
			isa = XCConfigurationList;
			buildConfigurations = (
				6C4016422A176C8C004B950D /* Debug */,
				6C4016432A176C8C004B950D /* Release */,
			);
			defaultConfigurationIsVisible = 0;
			defaultConfigurationName = Release;
		};
		6C4016442A176C8D004B950D /* Build configuration list for PBXNativeTarget "FirstPro" */ = {
			isa = XCConfigurationList;
			buildConfigurations = (
				6C4016452A176C8D004B950D /* Debug */,
				6C4016462A176C8D004B950D /* Release */,
			);
			defaultConfigurationIsVisible = 0;
			defaultConfigurationName = Release;
		};
/* End XCConfigurationList section */
	};
	rootObject = 6C4016282A176C8B004B950D /* Project object */;
}
